// !$*UTF8*$!
{
	archiveVersion = 1;
	classes = {
	};
	objectVersion = 46;
	objects = {

/* Begin PBXBuildFile section */
		9467F9DA1C64F8070000C1D9 /* AppDelegate.swift in Sources */ = {isa = PBXBuildFile; fileRef = 9467F9D91C64F8070000C1D9 /* AppDelegate.swift */; };
		9467F9DC1C64F8070000C1D9 /* ViewController.swift in Sources */ = {isa = PBXBuildFile; fileRef = 9467F9DB1C64F8070000C1D9 /* ViewController.swift */; };
		9467F9DF1C64F8070000C1D9 /* Main.storyboard in Resources */ = {isa = PBXBuildFile; fileRef = 9467F9DD1C64F8070000C1D9 /* Main.storyboard */; };
		9467F9E11C64F8070000C1D9 /* Assets.xcassets in Resources */ = {isa = PBXBuildFile; fileRef = 9467F9E01C64F8070000C1D9 /* Assets.xcassets */; };
		9467F9E41C64F8070000C1D9 /* LaunchScreen.storyboard in Resources */ = {isa = PBXBuildFile; fileRef = 9467F9E21C64F8070000C1D9 /* LaunchScreen.storyboard */; };
		9467F9EF1C64F8070000C1D9 /* pruebaGitTests.swift in Sources */ = {isa = PBXBuildFile; fileRef = 9467F9EE1C64F8070000C1D9 /* pruebaGitTests.swift */; };
		9467F9FA1C64F8070000C1D9 /* pruebaGitUITests.swift in Sources */ = {isa = PBXBuildFile; fileRef = 9467F9F91C64F8070000C1D9 /* pruebaGitUITests.swift */; };
/* End PBXBuildFile section */

/* Begin PBXContainerItemProxy section */
		9467F9EB1C64F8070000C1D9 /* PBXContainerItemProxy */ = {
			isa = PBXContainerItemProxy;
			containerPortal = 9467F9CE1C64F8060000C1D9 /* Project object */;
			proxyType = 1;
			remoteGlobalIDString = 9467F9D51C64F8060000C1D9;
			remoteInfo = pruebaGit;
		};
		9467F9F61C64F8070000C1D9 /* PBXContainerItemProxy */ = {
			isa = PBXContainerItemProxy;
			containerPortal = 9467F9CE1C64F8060000C1D9 /* Project object */;
			proxyType = 1;
			remoteGlobalIDString = 9467F9D51C64F8060000C1D9;
			remoteInfo = pruebaGit;
		};
/* End PBXContainerItemProxy section */

/* Begin PBXFileReference section */
		9467F9D61C64F8070000C1D9 /* pruebaGit.app */ = {isa = PBXFileReference; explicitFileType = wrapper.application; includeInIndex = 0; path = pruebaGit.app; sourceTree = BUILT_PRODUCTS_DIR; };
		9467F9D91C64F8070000C1D9 /* AppDelegate.swift */ = {isa = PBXFileReference; lastKnownFileType = sourcecode.swift; path = AppDelegate.swift; sourceTree = "<group>"; };
		9467F9DB1C64F8070000C1D9 /* ViewController.swift */ = {isa = PBXFileReference; lastKnownFileType = sourcecode.swift; path = ViewController.swift; sourceTree = "<group>"; };
		9467F9DE1C64F8070000C1D9 /* Base */ = {isa = PBXFileReference; lastKnownFileType = file.storyboard; name = Base; path = Base.lproj/Main.storyboard; sourceTree = "<group>"; };
		9467F9E01C64F8070000C1D9 /* Assets.xcassets */ = {isa = PBXFileReference; lastKnownFileType = folder.assetcatalog; path = Assets.xcassets; sourceTree = "<group>"; };
		9467F9E31C64F8070000C1D9 /* Base */ = {isa = PBXFileReference; lastKnownFileType = file.storyboard; name = Base; path = Base.lproj/LaunchScreen.storyboard; sourceTree = "<group>"; };
		9467F9E51C64F8070000C1D9 /* Info.plist */ = {isa = PBXFileReference; lastKnownFileType = text.plist.xml; path = Info.plist; sourceTree = "<group>"; };
		9467F9EA1C64F8070000C1D9 /* pruebaGitTests.xctest */ = {isa = PBXFileReference; explicitFileType = wrapper.cfbundle; includeInIndex = 0; path = pruebaGitTests.xctest; sourceTree = BUILT_PRODUCTS_DIR; };
		9467F9EE1C64F8070000C1D9 /* pruebaGitTests.swift */ = {isa = PBXFileReference; lastKnownFileType = sourcecode.swift; path = pruebaGitTests.swift; sourceTree = "<group>"; };
		9467F9F01C64F8070000C1D9 /* Info.plist */ = {isa = PBXFileReference; lastKnownFileType = text.plist.xml; path = Info.plist; sourceTree = "<group>"; };
		9467F9F51C64F8070000C1D9 /* pruebaGitUITests.xctest */ = {isa = PBXFileReference; explicitFileType = wrapper.cfbundle; includeInIndex = 0; path = pruebaGitUITests.xctest; sourceTree = BUILT_PRODUCTS_DIR; };
		9467F9F91C64F8070000C1D9 /* pruebaGitUITests.swift */ = {isa = PBXFileReference; lastKnownFileType = sourcecode.swift; path = pruebaGitUITests.swift; sourceTree = "<group>"; };
		9467F9FB1C64F8070000C1D9 /* Info.plist */ = {isa = PBXFileReference; lastKnownFileType = text.plist.xml; path = Info.plist; sourceTree = "<group>"; };
/* End PBXFileReference section */

/* Begin PBXFrameworksBuildPhase section */
		9467F9D31C64F8060000C1D9 /* Frameworks */ = {
			isa = PBXFrameworksBuildPhase;
			buildActionMask = 2147483647;
			files = (
			);
			runOnlyForDeploymentPostprocessing = 0;
		};
		9467F9E71C64F8070000C1D9 /* Frameworks */ = {
			isa = PBXFrameworksBuildPhase;
			buildActionMask = 2147483647;
			files = (
			);
			runOnlyForDeploymentPostprocessing = 0;
		};
		9467F9F21C64F8070000C1D9 /* Frameworks */ = {
			isa = PBXFrameworksBuildPhase;
			buildActionMask = 2147483647;
			files = (
			);
			runOnlyForDeploymentPostprocessing = 0;
		};
/* End PBXFrameworksBuildPhase section */

/* Begin PBXGroup section */
		9467F9CD1C64F8060000C1D9 = {
			isa = PBXGroup;
			children = (
				9467F9D81C64F8070000C1D9 /* pruebaGit */,
				9467F9ED1C64F8070000C1D9 /* pruebaGitTests */,
				9467F9F81C64F8070000C1D9 /* pruebaGitUITests */,
				9467F9D71C64F8070000C1D9 /* Products */,
			);
			sourceTree = "<group>";
		};
		9467F9D71C64F8070000C1D9 /* Products */ = {
			isa = PBXGroup;
			children = (
				9467F9D61C64F8070000C1D9 /* pruebaGit.app */,
				9467F9EA1C64F8070000C1D9 /* pruebaGitTests.xctest */,
				9467F9F51C64F8070000C1D9 /* pruebaGitUITests.xctest */,
			);
			name = Products;
			sourceTree = "<group>";
		};
		9467F9D81C64F8070000C1D9 /* pruebaGit */ = {
			isa = PBXGroup;
			children = (
				9467F9D91C64F8070000C1D9 /* AppDelegate.swift */,
				9467F9DB1C64F8070000C1D9 /* ViewController.swift */,
				9467F9DD1C64F8070000C1D9 /* Main.storyboard */,
				9467F9E01C64F8070000C1D9 /* Assets.xcassets */,
				9467F9E21C64F8070000C1D9 /* LaunchScreen.storyboard */,
				9467F9E51C64F8070000C1D9 /* Info.plist */,
			);
			path = pruebaGit;
			sourceTree = "<group>";
		};
		9467F9ED1C64F8070000C1D9 /* pruebaGitTests */ = {
			isa = PBXGroup;
			children = (
				9467F9EE1C64F8070000C1D9 /* pruebaGitTests.swift */,
				9467F9F01C64F8070000C1D9 /* Info.plist */,
			);
			path = pruebaGitTests;
			sourceTree = "<group>";
		};
		9467F9F81C64F8070000C1D9 /* pruebaGitUITests */ = {
			isa = PBXGroup;
			children = (
				9467F9F91C64F8070000C1D9 /* pruebaGitUITests.swift */,
				9467F9FB1C64F8070000C1D9 /* Info.plist */,
			);
			path = pruebaGitUITests;
			sourceTree = "<group>";
		};
/* End PBXGroup section */

/* Begin PBXNativeTarget section */
		9467F9D51C64F8060000C1D9 /* pruebaGit */ = {
			isa = PBXNativeTarget;
			buildConfigurationList = 9467F9FE1C64F8070000C1D9 /* Build configuration list for PBXNativeTarget "pruebaGit" */;
			buildPhases = (
				9467F9D21C64F8060000C1D9 /* Sources */,
				9467F9D31C64F8060000C1D9 /* Frameworks */,
				9467F9D41C64F8060000C1D9 /* Resources */,
			);
			buildRules = (
			);
			dependencies = (
			);
			name = pruebaGit;
			productName = pruebaGit;
			productReference = 9467F9D61C64F8070000C1D9 /* pruebaGit.app */;
			productType = "com.apple.product-type.application";
		};
		9467F9E91C64F8070000C1D9 /* pruebaGitTests */ = {
			isa = PBXNativeTarget;
			buildConfigurationList = 9467FA011C64F8080000C1D9 /* Build configuration list for PBXNativeTarget "pruebaGitTests" */;
			buildPhases = (
				9467F9E61C64F8070000C1D9 /* Sources */,
				9467F9E71C64F8070000C1D9 /* Frameworks */,
				9467F9E81C64F8070000C1D9 /* Resources */,
			);
			buildRules = (
			);
			dependencies = (
				9467F9EC1C64F8070000C1D9 /* PBXTargetDependency */,
			);
			name = pruebaGitTests;
			productName = pruebaGitTests;
			productReference = 9467F9EA1C64F8070000C1D9 /* pruebaGitTests.xctest */;
			productType = "com.apple.product-type.bundle.unit-test";
		};
		9467F9F41C64F8070000C1D9 /* pruebaGitUITests */ = {
			isa = PBXNativeTarget;
			buildConfigurationList = 9467FA041C64F8080000C1D9 /* Build configuration list for PBXNativeTarget "pruebaGitUITests" */;
			buildPhases = (
				9467F9F11C64F8070000C1D9 /* Sources */,
				9467F9F21C64F8070000C1D9 /* Frameworks */,
				9467F9F31C64F8070000C1D9 /* Resources */,
			);
			buildRules = (
			);
			dependencies = (
				9467F9F71C64F8070000C1D9 /* PBXTargetDependency */,
			);
			name = pruebaGitUITests;
			productName = pruebaGitUITests;
			productReference = 9467F9F51C64F8070000C1D9 /* pruebaGitUITests.xctest */;
			productType = "com.apple.product-type.bundle.ui-testing";
		};
/* End PBXNativeTarget section */

/* Begin PBXProject section */
		9467F9CE1C64F8060000C1D9 /* Project object */ = {
			isa = PBXProject;
			attributes = {
				LastSwiftUpdateCheck = 0730;
				LastUpgradeCheck = 0730;
				ORGANIZATIONNAME = "Juan Carlos Carbajal Ipenza";
				TargetAttributes = {
					9467F9D51C64F8060000C1D9 = {
						CreatedOnToolsVersion = 7.3;
					};
					9467F9E91C64F8070000C1D9 = {
						CreatedOnToolsVersion = 7.3;
						TestTargetID = 9467F9D51C64F8060000C1D9;
					};
					9467F9F41C64F8070000C1D9 = {
						CreatedOnToolsVersion = 7.3;
						TestTargetID = 9467F9D51C64F8060000C1D9;
					};
				};
			};
			buildConfigurationList = 9467F9D11C64F8060000C1D9 /* Build configuration list for PBXProject "pruebaGit" */;
			compatibilityVersion = "Xcode 3.2";
			developmentRegion = English;
			hasScannedForEncodings = 0;
			knownRegions = (
				en,
				Base,
			);
			mainGroup = 9467F9CD1C64F8060000C1D9;
			productRefGroup = 9467F9D71C64F8070000C1D9 /* Products */;
			projectDirPath = "";
			projectRoot = "";
			targets = (
				9467F9D51C64F8060000C1D9 /* pruebaGit */,
				9467F9E91C64F8070000C1D9 /* pruebaGitTests */,
				9467F9F41C64F8070000C1D9 /* pruebaGitUITests */,
			);
		};
/* End PBXProject section */

/* Begin PBXResourcesBuildPhase section */
		9467F9D41C64F8060000C1D9 /* Resources */ = {
			isa = PBXResourcesBuildPhase;
			buildActionMask = 2147483647;
			files = (
				9467F9E41C64F8070000C1D9 /* LaunchScreen.storyboard in Resources */,
				9467F9E11C64F8070000C1D9 /* Assets.xcassets in Resources */,
				9467F9DF1C64F8070000C1D9 /* Main.storyboard in Resources */,
			);
			runOnlyForDeploymentPostprocessing = 0;
		};
		9467F9E81C64F8070000C1D9 /* Resources */ = {
			isa = PBXResourcesBuildPhase;
			buildActionMask = 2147483647;
			files = (
			);
			runOnlyForDeploymentPostprocessing = 0;
		};
		9467F9F31C64F8070000C1D9 /* Resources */ = {
			isa = PBXResourcesBuildPhase;
			buildActionMask = 2147483647;
			files = (
			);
			runOnlyForDeploymentPostprocessing = 0;
		};
/* End PBXResourcesBuildPhase section */

/* Begin PBXSourcesBuildPhase section */
		9467F9D21C64F8060000C1D9 /* Sources */ = {
			isa = PBXSourcesBuildPhase;
			buildActionMask = 2147483647;
			files = (
				9467F9DC1C64F8070000C1D9 /* ViewController.swift in Sources */,
				9467F9DA1C64F8070000C1D9 /* AppDelegate.swift in Sources */,
			);
			runOnlyForDeploymentPostprocessing = 0;
		};
		9467F9E61C64F8070000C1D9 /* Sources */ = {
			isa = PBXSourcesBuildPhase;
			buildActionMask = 2147483647;
			files = (
				9467F9EF1C64F8070000C1D9 /* pruebaGitTests.swift in Sources */,
			);
			runOnlyForDeploymentPostprocessing = 0;
		};
		9467F9F11C64F8070000C1D9 /* Sources */ = {
			isa = PBXSourcesBuildPhase;
			buildActionMask = 2147483647;
			files = (
				9467F9FA1C64F8070000C1D9 /* pruebaGitUITests.swift in Sources */,
			);
			runOnlyForDeploymentPostprocessing = 0;
		};
/* End PBXSourcesBuildPhase section */

/* Begin PBXTargetDependency section */
		9467F9EC1C64F8070000C1D9 /* PBXTargetDependency */ = {
			isa = PBXTargetDependency;
			target = 9467F9D51C64F8060000C1D9 /* pruebaGit */;
			targetProxy = 9467F9EB1C64F8070000C1D9 /* PBXContainerItemProxy */;
		};
		9467F9F71C64F8070000C1D9 /* PBXTargetDependency */ = {
			isa = PBXTargetDependency;
			target = 9467F9D51C64F8060000C1D9 /* pruebaGit */;
			targetProxy = 9467F9F61C64F8070000C1D9 /* PBXContainerItemProxy */;
		};
/* End PBXTargetDependency section */

/* Begin PBXVariantGroup section */
		9467F9DD1C64F8070000C1D9 /* Main.storyboard */ = {
			isa = PBXVariantGroup;
			children = (
				9467F9DE1C64F8070000C1D9 /* Base */,
			);
			name = Main.storyboard;
			sourceTree = "<group>";
		};
		9467F9E21C64F8070000C1D9 /* LaunchScreen.storyboard */ = {
			isa = PBXVariantGroup;
			children = (
				9467F9E31C64F8070000C1D9 /* Base */,
			);
			name = LaunchScreen.storyboard;
			sourceTree = "<group>";
		};
/* End PBXVariantGroup section */

/* Begin XCBuildConfiguration section */
		9467F9FC1C64F8070000C1D9 /* Debug */ = {
			isa = XCBuildConfiguration;
			buildSettings = {
				ALWAYS_SEARCH_USER_PATHS = NO;
				CLANG_CXX_LANGUAGE_STANDARD = "gnu++0x";
				CLANG_CXX_LIBRARY = "libc++";
				CLANG_ENABLE_MODULES = YES;
				CLANG_ENABLE_OBJC_ARC = YES;
				CLANG_WARN_BOOL_CONVERSION = YES;
				CLANG_WARN_CONSTANT_CONVERSION = YES;
				CLANG_WARN_DIRECT_OBJC_ISA_USAGE = YES_ERROR;
				CLANG_WARN_EMPTY_BODY = YES;
				CLANG_WARN_ENUM_CONVERSION = YES;
				CLANG_WARN_INT_CONVERSION = YES;
				CLANG_WARN_OBJC_ROOT_CLASS = YES_ERROR;
				CLANG_WARN_UNREACHABLE_CODE = YES;
				CLANG_WARN__DUPLICATE_METHOD_MATCH = YES;
				"CODE_SIGN_IDENTITY[sdk=iphoneos*]" = "iPhone Developer";
				COPY_PHASE_STRIP = NO;
				DEBUG_INFORMATION_FORMAT = dwarf;
				ENABLE_STRICT_OBJC_MSGSEND = YES;
				ENABLE_TESTABILITY = YES;
				GCC_C_LANGUAGE_STANDARD = gnu99;
				GCC_DYNAMIC_NO_PIC = NO;
				GCC_NO_COMMON_BLOCKS = YES;
				GCC_OPTIMIZATION_LEVEL = 0;
				GCC_PREPROCESSOR_DEFINITIONS = (
					"DEBUG=1",
					"$(inherited)",
				);
				GCC_WARN_64_TO_32_BIT_CONVERSION = YES;
				GCC_WARN_ABOUT_RETURN_TYPE = YES_ERROR;
				GCC_WARN_UNDECLARED_SELECTOR = YES;
				GCC_WARN_UNINITIALIZED_AUTOS = YES_AGGRESSIVE;
				GCC_WARN_UNUSED_FUNCTION = YES;
				GCC_WARN_UNUSED_VARIABLE = YES;
				IPHONEOS_DEPLOYMENT_TARGET = 9.3;
				MTL_ENABLE_DEBUG_INFO = YES;
				ONLY_ACTIVE_ARCH = YES;
				SDKROOT = iphoneos;
				SWIFT_OPTIMIZATION_LEVEL = "-Onone";
			};
			name = Debug;
		};
		9467F9FD1C64F8070000C1D9 /* Release */ = {
			isa = XCBuildConfiguration;
			buildSettings = {
				ALWAYS_SEARCH_USER_PATHS = NO;
				CLANG_CXX_LANGUAGE_STANDARD = "gnu++0x";
				CLANG_CXX_LIBRARY = "libc++";
				CLANG_ENABLE_MODULES = YES;
				CLANG_ENABLE_OBJC_ARC = YES;
				CLANG_WARN_BOOL_CONVERSION = YES;
				CLANG_WARN_CONSTANT_CONVERSION = YES;
				CLANG_WARN_DIRECT_OBJC_ISA_USAGE = YES_ERROR;
				CLANG_WARN_EMPTY_BODY = YES;
				CLANG_WARN_ENUM_CONVERSION = YES;
				CLANG_WARN_INT_CONVERSION = YES;
				CLANG_WARN_OBJC_ROOT_CLASS = YES_ERROR;
				CLANG_WARN_UNREACHABLE_CODE = YES;
				CLANG_WARN__DUPLICATE_METHOD_MATCH = YES;
				"CODE_SIGN_IDENTITY[sdk=iphoneos*]" = "iPhone Developer";
				COPY_PHASE_STRIP = NO;
				DEBUG_INFORMATION_FORMAT = "dwarf-with-dsym";
				ENABLE_NS_ASSERTIONS = NO;
				ENABLE_STRICT_OBJC_MSGSEND = YES;
				GCC_C_LANGUAGE_STANDARD = gnu99;
				GCC_NO_COMMON_BLOCKS = YES;
				GCC_WARN_64_TO_32_BIT_CONVERSION = YES;
				GCC_WARN_ABOUT_RETURN_TYPE = YES_ERROR;
				GCC_WARN_UNDECLARED_SELECTOR = YES;
				GCC_WARN_UNINITIALIZED_AUTOS = YES_AGGRESSIVE;
				GCC_WARN_UNUSED_FUNCTION = YES;
				GCC_WARN_UNUSED_VARIABLE = YES;
				IPHONEOS_DEPLOYMENT_TARGET = 9.3;
				MTL_ENABLE_DEBUG_INFO = NO;
				SDKROOT = iphoneos;
				VALIDATE_PRODUCT = YES;
			};
			name = Release;
		};
		9467F9FF1C64F8070000C1D9 /* Debug */ = {
			isa = XCBuildConfiguration;
			buildSettings = {
				ASSETCATALOG_COMPILER_APPICON_NAME = AppIcon;
				INFOPLIST_FILE = pruebaGit/Info.plist;
				LD_RUNPATH_SEARCH_PATHS = "$(inherited) @executable_path/Frameworks";
				PRODUCT_BUNDLE_IDENTIFIER = com.m0rb1u5.pruebaGit;
				PRODUCT_NAME = "$(TARGET_NAME)";
			};
			name = Debug;
		};
		9467FA001C64F8070000C1D9 /* Release */ = {
			isa = XCBuildConfiguration;
			buildSettings = {
				ASSETCATALOG_COMPILER_APPICON_NAME = AppIcon;
				INFOPLIST_FILE = pruebaGit/Info.plist;
				LD_RUNPATH_SEARCH_PATHS = "$(inherited) @executable_path/Frameworks";
				PRODUCT_BUNDLE_IDENTIFIER = com.m0rb1u5.pruebaGit;
				PRODUCT_NAME = "$(TARGET_NAME)";
			};
			name = Release;
		};
		9467FA021C64F8080000C1D9 /* Debug */ = {
			isa = XCBuildConfiguration;
			buildSettings = {
				BUNDLE_LOADER = "$(TEST_HOST)";
				INFOPLIST_FILE = pruebaGitTests/Info.plist;
				LD_RUNPATH_SEARCH_PATHS = "$(inherited) @executable_path/Frameworks @loader_path/Frameworks";
				PRODUCT_BUNDLE_IDENTIFIER = com.m0rb1u5.pruebaGitTests;
				PRODUCT_NAME = "$(TARGET_NAME)";
				TEST_HOST = "$(BUILT_PRODUCTS_DIR)/pruebaGit.app/pruebaGit";
			};
			name = Debug;
		};
		9467FA031C64F8080000C1D9 /* Release */ = {
			isa = XCBuildConfiguration;
			buildSettings = {
				BUNDLE_LOADER = "$(TEST_HOST)";
				INFOPLIST_FILE = pruebaGitTests/Info.plist;
				LD_RUNPATH_SEARCH_PATHS = "$(inherited) @executable_path/Frameworks @loader_path/Frameworks";
				PRODUCT_BUNDLE_IDENTIFIER = com.m0rb1u5.pruebaGitTests;
				PRODUCT_NAME = "$(TARGET_NAME)";
				TEST_HOST = "$(BUILT_PRODUCTS_DIR)/pruebaGit.app/pruebaGit";
			};
			name = Release;
		};
		9467FA051C64F8080000C1D9 /* Debug */ = {
			isa = XCBuildConfiguration;
			buildSettings = {
				INFOPLIST_FILE = pruebaGitUITests/Info.plist;
				LD_RUNPATH_SEARCH_PATHS = "$(inherited) @executable_path/Frameworks @loader_path/Frameworks";
				PRODUCT_BUNDLE_IDENTIFIER = com.m0rb1u5.pruebaGitUITests;
				PRODUCT_NAME = "$(TARGET_NAME)";
				TEST_TARGET_NAME = pruebaGit;
			};
			name = Debug;
		};
		9467FA061C64F8080000C1D9 /* Release */ = {
			isa = XCBuildConfiguration;
			buildSettings = {
				INFOPLIST_FILE = pruebaGitUITests/Info.plist;
				LD_RUNPATH_SEARCH_PATHS = "$(inherited) @executable_path/Frameworks @loader_path/Frameworks";
				PRODUCT_BUNDLE_IDENTIFIER = com.m0rb1u5.pruebaGitUITests;
				PRODUCT_NAME = "$(TARGET_NAME)";
				TEST_TARGET_NAME = pruebaGit;
			};
			name = Release;
		};
/* End XCBuildConfiguration section */

/* Begin XCConfigurationList section */
		9467F9D11C64F8060000C1D9 /* Build configuration list for PBXProject "pruebaGit" */ = {
			isa = XCConfigurationList;
			buildConfigurations = (
				9467F9FC1C64F8070000C1D9 /* Debug */,
				9467F9FD1C64F8070000C1D9 /* Release */,
			);
			defaultConfigurationIsVisible = 0;
			defaultConfigurationName = Release;
		};
		9467F9FE1C64F8070000C1D9 /* Build configuration list for PBXNativeTarget "pruebaGit" */ = {
			isa = XCConfigurationList;
			buildConfigurations = (
				9467F9FF1C64F8070000C1D9 /* Debug */,
				9467FA001C64F8070000C1D9 /* Release */,
			);
			defaultConfigurationIsVisible = 0;
		};
		9467FA011C64F8080000C1D9 /* Build configuration list for PBXNativeTarget "pruebaGitTests" */ = {
			isa = XCConfigurationList;
			buildConfigurations = (
				9467FA021C64F8080000C1D9 /* Debug */,
				9467FA031C64F8080000C1D9 /* Release */,
			);
			defaultConfigurationIsVisible = 0;
		};
		9467FA041C64F8080000C1D9 /* Build configuration list for PBXNativeTarget "pruebaGitUITests" */ = {
			isa = XCConfigurationList;
			buildConfigurations = (
				9467FA051C64F8080000C1D9 /* Debug */,
				9467FA061C64F8080000C1D9 /* Release */,
			);
			defaultConfigurationIsVisible = 0;
		};
/* End XCConfigurationList section */
	};
	rootObject = 9467F9CE1C64F8060000C1D9 /* Project object */;
}
